
Microsoft Visual Studio Solution File, Format Version 12.00
# Visual Studio Version 16
VisualStudioVersion = 16.0.29411.108
MinimumVisualStudioVersion = 10.0.40219.1
Project("{9A19103F-16F7-4668-BE54-9A1E7A4F7556}") = "Gotham", "Gotham\Gotham.csproj", "{670217D6-21A5-4D97-9AA9-C056AE5681F7}"
EndProject
Project("{FAE04EC0-301F-11D3-BF4B-00C04F79EFBC}") = "Gotham.persistence", "Gotham.persistence\Gotham.persistence.csproj", "{CCAE28B6-7495-4811-832A-9C4BD1E2A072}"
EndProject
Project("{FAE04EC0-301F-11D3-BF4B-00C04F79EFBC}") = "Gotham.domain", "Gotham.domain\Gotham.domain.csproj", "{B46E63A2-FADC-41CE-98BD-D816E8FA7D15}"
EndProject
Global
	GlobalSection(SolutionConfigurationPlatforms) = preSolution
		Debug|Any CPU = Debug|Any CPU
		Release|Any CPU = Release|Any CPU
	EndGlobalSection
	GlobalSection(ProjectConfigurationPlatforms) = postSolution
		{670217D6-21A5-4D97-9AA9-C056AE5681F7}.Debug|Any CPU.ActiveCfg = Debug|Any CPU
		{670217D6-21A5-4D97-9AA9-C056AE5681F7}.Debug|Any CPU.Build.0 = Debug|Any CPU
		{670217D6-21A5-4D97-9AA9-C056AE5681F7}.Release|Any CPU.ActiveCfg = Release|Any CPU
		{670217D6-21A5-4D97-9AA9-C056AE5681F7}.Release|Any CPU.Build.0 = Release|Any CPU
		{CCAE28B6-7495-4811-832A-9C4BD1E2A072}.Debug|Any CPU.ActiveCfg = Debug|Any CPU
		{CCAE28B6-7495-4811-832A-9C4BD1E2A072}.Debug|Any CPU.Build.0 = Debug|Any CPU
		{CCAE28B6-7495-4811-832A-9C4BD1E2A072}.Release|Any CPU.ActiveCfg = Release|Any CPU
		{CCAE28B6-7495-4811-832A-9C4BD1E2A072}.Release|Any CPU.Build.0 = Release|Any CPU
		{B46E63A2-FADC-41CE-98BD-D816E8FA7D15}.Debug|Any CPU.ActiveCfg = Debug|Any CPU
		{B46E63A2-FADC-41CE-98BD-D816E8FA7D15}.Debug|Any CPU.Build.0 = Debug|Any CPU
		{B46E63A2-FADC-41CE-98BD-D816E8FA7D15}.Release|Any CPU.ActiveCfg = Release|Any CPU
		{B46E63A2-FADC-41CE-98BD-D816E8FA7D15}.Release|Any CPU.Build.0 = Release|Any CPU
	EndGlobalSection
	GlobalSection(SolutionProperties) = preSolution
		HideSolutionNode = FALSE
	EndGlobalSection
	GlobalSection(ExtensibilityGlobals) = postSolution
		SolutionGuid = {A2DA6FD3-616A-42C3-8C86-2584124EF579}
	EndGlobalSection
EndGlobal
